
Microsoft Visual Studio Solution File, Format Version 12.00
# Visual Studio 15
VisualStudioVersion = 15.0.26730.12
MinimumVisualStudioVersion = 10.0.40219.1
Project("{9A19103F-16F7-4668-BE54-9A1E7A4F7556}") = "TwitchStream.Entities", "ClassLibrary1\TwitchStream.Entities.csproj", "{AF1A1E43-52F7-43C0-BFE8-097629A77948}"
EndProject
Project("{9A19103F-16F7-4668-BE54-9A1E7A4F7556}") = "TwitchStream.Dal", "TwitchStream.Dal\TwitchStream.Dal.csproj", "{C4A4E151-6E67-4A1F-A058-95A19A280B7E}"
EndProject
Global
	GlobalSection(SolutionConfigurationPlatforms) = preSolution
		Debug|Any CPU = Debug|Any CPU
		Release|Any CPU = Release|Any CPU
	EndGlobalSection
	GlobalSection(ProjectConfigurationPlatforms) = postSolution
		{AF1A1E43-52F7-43C0-BFE8-097629A77948}.Debug|Any CPU.ActiveCfg = Debug|Any CPU
		{AF1A1E43-52F7-43C0-BFE8-097629A77948}.Debug|Any CPU.Build.0 = Debug|Any CPU
		{AF1A1E43-52F7-43C0-BFE8-097629A77948}.Release|Any CPU.ActiveCfg = Release|Any CPU
		{AF1A1E43-52F7-43C0-BFE8-097629A77948}.Release|Any CPU.Build.0 = Release|Any CPU
		{C4A4E151-6E67-4A1F-A058-95A19A280B7E}.Debug|Any CPU.ActiveCfg = Debug|Any CPU
		{C4A4E151-6E67-4A1F-A058-95A19A280B7E}.Debug|Any CPU.Build.0 = Debug|Any CPU
		{C4A4E151-6E67-4A1F-A058-95A19A280B7E}.Release|Any CPU.ActiveCfg = Release|Any CPU
		{C4A4E151-6E67-4A1F-A058-95A19A280B7E}.Release|Any CPU.Build.0 = Release|Any CPU
	EndGlobalSection
	GlobalSection(SolutionProperties) = preSolution
		HideSolutionNode = FALSE
	EndGlobalSection
	GlobalSection(ExtensibilityGlobals) = postSolution
		SolutionGuid = {0438A117-6817-430F-B9AC-2027B84A69B1}
	EndGlobalSection
EndGlobal
